// !$*UTF8*$!
{
	archiveVersion = 1;
	classes = {
	};
	objectVersion = 46;
	objects = {

/* Begin PBXBuildFile section */
		8777418519134FD100EAA739 /* Foundation.framework in Frameworks */ = {isa = PBXBuildFile; fileRef = 8777418419134FD100EAA739 /* Foundation.framework */; };
		8777418719134FD100EAA739 /* CoreGraphics.framework in Frameworks */ = {isa = PBXBuildFile; fileRef = 8777418619134FD100EAA739 /* CoreGraphics.framework */; };
		8777418919134FD100EAA739 /* UIKit.framework in Frameworks */ = {isa = PBXBuildFile; fileRef = 8777418819134FD100EAA739 /* UIKit.framework */; };
		8777418F19134FD100EAA739 /* InfoPlist.strings in Resources */ = {isa = PBXBuildFile; fileRef = 8777418D19134FD100EAA739 /* InfoPlist.strings */; };
		8777419119134FD100EAA739 /* main.m in Sources */ = {isa = PBXBuildFile; fileRef = 8777419019134FD100EAA739 /* main.m */; };
		8777419519134FD100EAA739 /* ALIENAppDelegate.m in Sources */ = {isa = PBXBuildFile; fileRef = 8777419419134FD100EAA739 /* ALIENAppDelegate.m */; };
		8777419719134FD100EAA739 /* Images.xcassets in Resources */ = {isa = PBXBuildFile; fileRef = 8777419619134FD100EAA739 /* Images.xcassets */; };
		8777419E19134FD100EAA739 /* XCTest.framework in Frameworks */ = {isa = PBXBuildFile; fileRef = 8777419D19134FD100EAA739 /* XCTest.framework */; };
		8777419F19134FD100EAA739 /* Foundation.framework in Frameworks */ = {isa = PBXBuildFile; fileRef = 8777418419134FD100EAA739 /* Foundation.framework */; };
		877741A019134FD100EAA739 /* UIKit.framework in Frameworks */ = {isa = PBXBuildFile; fileRef = 8777418819134FD100EAA739 /* UIKit.framework */; };
		877741A819134FD100EAA739 /* InfoPlist.strings in Resources */ = {isa = PBXBuildFile; fileRef = 877741A619134FD100EAA739 /* InfoPlist.strings */; };
		877741AA19134FD100EAA739 /* SHA1cryptoTests.m in Sources */ = {isa = PBXBuildFile; fileRef = 877741A919134FD100EAA739 /* SHA1cryptoTests.m */; };
/* End PBXBuildFile section */

/* Begin PBXContainerItemProxy section */
		877741A119134FD100EAA739 /* PBXContainerItemProxy */ = {
			isa = PBXContainerItemProxy;
			containerPortal = 8777417919134FD100EAA739 /* Project object */;
			proxyType = 1;
			remoteGlobalIDString = 8777418019134FD100EAA739;
			remoteInfo = SHA1crypto;
		};
/* End PBXContainerItemProxy section */

/* Begin PBXFileReference section */
		8777418119134FD100EAA739 /* SHA1crypto.app */ = {isa = PBXFileReference; explicitFileType = wrapper.application; includeInIndex = 0; path = SHA1crypto.app; sourceTree = BUILT_PRODUCTS_DIR; };
		8777418419134FD100EAA739 /* Foundation.framework */ = {isa = PBXFileReference; lastKnownFileType = wrapper.framework; name = Foundation.framework; path = System/Library/Frameworks/Foundation.framework; sourceTree = SDKROOT; };
		8777418619134FD100EAA739 /* CoreGraphics.framework */ = {isa = PBXFileReference; lastKnownFileType = wrapper.framework; name = CoreGraphics.framework; path = System/Library/Frameworks/CoreGraphics.framework; sourceTree = SDKROOT; };
		8777418819134FD100EAA739 /* UIKit.framework */ = {isa = PBXFileReference; lastKnownFileType = wrapper.framework; name = UIKit.framework; path = System/Library/Frameworks/UIKit.framework; sourceTree = SDKROOT; };
		8777418C19134FD100EAA739 /* SHA1crypto-Info.plist */ = {isa = PBXFileReference; lastKnownFileType = text.plist.xml; path = "SHA1crypto-Info.plist"; sourceTree = "<group>"; };
		8777418E19134FD100EAA739 /* en */ = {isa = PBXFileReference; lastKnownFileType = text.plist.strings; name = en; path = en.lproj/InfoPlist.strings; sourceTree = "<group>"; };
		8777419019134FD100EAA739 /* main.m */ = {isa = PBXFileReference; lastKnownFileType = sourcecode.c.objc; path = main.m; sourceTree = "<group>"; };
		8777419219134FD100EAA739 /* SHA1crypto-Prefix.pch */ = {isa = PBXFileReference; lastKnownFileType = sourcecode.c.h; path = "SHA1crypto-Prefix.pch"; sourceTree = "<group>"; };
		8777419319134FD100EAA739 /* ALIENAppDelegate.h */ = {isa = PBXFileReference; lastKnownFileType = sourcecode.c.h; path = ALIENAppDelegate.h; sourceTree = "<group>"; };
		8777419419134FD100EAA739 /* ALIENAppDelegate.m */ = {isa = PBXFileReference; lastKnownFileType = sourcecode.c.objc; path = ALIENAppDelegate.m; sourceTree = "<group>"; };
		8777419619134FD100EAA739 /* Images.xcassets */ = {isa = PBXFileReference; lastKnownFileType = folder.assetcatalog; path = Images.xcassets; sourceTree = "<group>"; };
		8777419C19134FD100EAA739 /* SHA1cryptoTests.xctest */ = {isa = PBXFileReference; explicitFileType = wrapper.cfbundle; includeInIndex = 0; path = SHA1cryptoTests.xctest; sourceTree = BUILT_PRODUCTS_DIR; };
		8777419D19134FD100EAA739 /* XCTest.framework */ = {isa = PBXFileReference; lastKnownFileType = wrapper.framework; name = XCTest.framework; path = Library/Frameworks/XCTest.framework; sourceTree = DEVELOPER_DIR; };
		877741A519134FD100EAA739 /* SHA1cryptoTests-Info.plist */ = {isa = PBXFileReference; lastKnownFileType = text.plist.xml; path = "SHA1cryptoTests-Info.plist"; sourceTree = "<group>"; };
		877741A719134FD100EAA739 /* en */ = {isa = PBXFileReference; lastKnownFileType = text.plist.strings; name = en; path = en.lproj/InfoPlist.strings; sourceTree = "<group>"; };
		877741A919134FD100EAA739 /* SHA1cryptoTests.m */ = {isa = PBXFileReference; lastKnownFileType = sourcecode.c.objc; path = SHA1cryptoTests.m; sourceTree = "<group>"; };
/* End PBXFileReference section */

/* Begin PBXFrameworksBuildPhase section */
		8777417E19134FD100EAA739 /* Frameworks */ = {
			isa = PBXFrameworksBuildPhase;
			buildActionMask = 2147483647;
			files = (
				8777418719134FD100EAA739 /* CoreGraphics.framework in Frameworks */,
				8777418919134FD100EAA739 /* UIKit.framework in Frameworks */,
				8777418519134FD100EAA739 /* Foundation.framework in Frameworks */,
			);
			runOnlyForDeploymentPostprocessing = 0;
		};
		8777419919134FD100EAA739 /* Frameworks */ = {
			isa = PBXFrameworksBuildPhase;
			buildActionMask = 2147483647;
			files = (
				8777419E19134FD100EAA739 /* XCTest.framework in Frameworks */,
				877741A019134FD100EAA739 /* UIKit.framework in Frameworks */,
				8777419F19134FD100EAA739 /* Foundation.framework in Frameworks */,
			);
			runOnlyForDeploymentPostprocessing = 0;
		};
/* End PBXFrameworksBuildPhase section */

/* Begin PBXGroup section */
		8777417819134FD100EAA739 = {
			isa = PBXGroup;
			children = (
				8777418A19134FD100EAA739 /* SHA1crypto */,
				877741A319134FD100EAA739 /* SHA1cryptoTests */,
				8777418319134FD100EAA739 /* Frameworks */,
				8777418219134FD100EAA739 /* Products */,
			);
			sourceTree = "<group>";
		};
		8777418219134FD100EAA739 /* Products */ = {
			isa = PBXGroup;
			children = (
				8777418119134FD100EAA739 /* SHA1crypto.app */,
				8777419C19134FD100EAA739 /* SHA1cryptoTests.xctest */,
			);
			name = Products;
			sourceTree = "<group>";
		};
		8777418319134FD100EAA739 /* Frameworks */ = {
			isa = PBXGroup;
			children = (
				8777418419134FD100EAA739 /* Foundation.framework */,
				8777418619134FD100EAA739 /* CoreGraphics.framework */,
				8777418819134FD100EAA739 /* UIKit.framework */,
				8777419D19134FD100EAA739 /* XCTest.framework */,
			);
			name = Frameworks;
			sourceTree = "<group>";
		};
		8777418A19134FD100EAA739 /* SHA1crypto */ = {
			isa = PBXGroup;
			children = (
				8777419319134FD100EAA739 /* ALIENAppDelegate.h */,
				8777419419134FD100EAA739 /* ALIENAppDelegate.m */,
				8777419619134FD100EAA739 /* Images.xcassets */,
				8777418B19134FD100EAA739 /* Supporting Files */,
			);
			path = SHA1crypto;
			sourceTree = "<group>";
		};
		8777418B19134FD100EAA739 /* Supporting Files */ = {
			isa = PBXGroup;
			children = (
				8777418C19134FD100EAA739 /* SHA1crypto-Info.plist */,
				8777418D19134FD100EAA739 /* InfoPlist.strings */,
				8777419019134FD100EAA739 /* main.m */,
				8777419219134FD100EAA739 /* SHA1crypto-Prefix.pch */,
			);
			name = "Supporting Files";
			sourceTree = "<group>";
		};
		877741A319134FD100EAA739 /* SHA1cryptoTests */ = {
			isa = PBXGroup;
			children = (
				877741A919134FD100EAA739 /* SHA1cryptoTests.m */,
				877741A419134FD100EAA739 /* Supporting Files */,
			);
			path = SHA1cryptoTests;
			sourceTree = "<group>";
		};
		877741A419134FD100EAA739 /* Supporting Files */ = {
			isa = PBXGroup;
			children = (
				877741A519134FD100EAA739 /* SHA1cryptoTests-Info.plist */,
				877741A619134FD100EAA739 /* InfoPlist.strings */,
			);
			name = "Supporting Files";
			sourceTree = "<group>";
		};
/* End PBXGroup section */

/* Begin PBXNativeTarget section */
		8777418019134FD100EAA739 /* SHA1crypto */ = {
			isa = PBXNativeTarget;
			buildConfigurationList = 877741AD19134FD100EAA739 /* Build configuration list for PBXNativeTarget "SHA1crypto" */;
			buildPhases = (
				8777417D19134FD100EAA739 /* Sources */,
				8777417E19134FD100EAA739 /* Frameworks */,
				8777417F19134FD100EAA739 /* Resources */,
			);
			buildRules = (
			);
			dependencies = (
			);
			name = SHA1crypto;
			productName = SHA1crypto;
			productReference = 8777418119134FD100EAA739 /* SHA1crypto.app */;
			productType = "com.apple.product-type.application";
		};
		8777419B19134FD100EAA739 /* SHA1cryptoTests */ = {
			isa = PBXNativeTarget;
			buildConfigurationList = 877741B019134FD100EAA739 /* Build configuration list for PBXNativeTarget "SHA1cryptoTests" */;
			buildPhases = (
				8777419819134FD100EAA739 /* Sources */,
				8777419919134FD100EAA739 /* Frameworks */,
				8777419A19134FD100EAA739 /* Resources */,
			);
			buildRules = (
			);
			dependencies = (
				877741A219134FD100EAA739 /* PBXTargetDependency */,
			);
			name = SHA1cryptoTests;
			productName = SHA1cryptoTests;
			productReference = 8777419C19134FD100EAA739 /* SHA1cryptoTests.xctest */;
			productType = "com.apple.product-type.bundle.unit-test";
		};
/* End PBXNativeTarget section */

/* Begin PBXProject section */
		8777417919134FD100EAA739 /* Project object */ = {
			isa = PBXProject;
			attributes = {
				CLASSPREFIX = ALIEN;
				LastUpgradeCheck = 0510;
				ORGANIZATIONNAME = AlienLi;
				TargetAttributes = {
					8777419B19134FD100EAA739 = {
						TestTargetID = 8777418019134FD100EAA739;
					};
				};
			};
			buildConfigurationList = 8777417C19134FD100EAA739 /* Build configuration list for PBXProject "SHA1crypto" */;
			compatibilityVersion = "Xcode 3.2";
			developmentRegion = English;
			hasScannedForEncodings = 0;
			knownRegions = (
				en,
			);
			mainGroup = 8777417819134FD100EAA739;
			productRefGroup = 8777418219134FD100EAA739 /* Products */;
			projectDirPath = "";
			projectRoot = "";
			targets = (
				8777418019134FD100EAA739 /* SHA1crypto */,
				8777419B19134FD100EAA739 /* SHA1cryptoTests */,
			);
		};
/* End PBXProject section */

/* Begin PBXResourcesBuildPhase section */
		8777417F19134FD100EAA739 /* Resources */ = {
			isa = PBXResourcesBuildPhase;
			buildActionMask = 2147483647;
			files = (
				8777418F19134FD100EAA739 /* InfoPlist.strings in Resources */,
				8777419719134FD100EAA739 /* Images.xcassets in Resources */,
			);
			runOnlyForDeploymentPostprocessing = 0;
		};
		8777419A19134FD100EAA739 /* Resources */ = {
			isa = PBXResourcesBuildPhase;
			buildActionMask = 2147483647;
			files = (
				877741A819134FD100EAA739 /* InfoPlist.strings in Resources */,
			);
			runOnlyForDeploymentPostprocessing = 0;
		};
/* End PBXResourcesBuildPhase section */

/* Begin PBXSourcesBuildPhase section */
		8777417D19134FD100EAA739 /* Sources */ = {
			isa = PBXSourcesBuildPhase;
			buildActionMask = 2147483647;
			files = (
				8777419519134FD100EAA739 /* ALIENAppDelegate.m in Sources */,
				8777419119134FD100EAA739 /* main.m in Sources */,
			);
			runOnlyForDeploymentPostprocessing = 0;
		};
		8777419819134FD100EAA739 /* Sources */ = {
			isa = PBXSourcesBuildPhase;
			buildActionMask = 2147483647;
			files = (
				877741AA19134FD100EAA739 /* SHA1cryptoTests.m in Sources */,
			);
			runOnlyForDeploymentPostprocessing = 0;
		};
/* End PBXSourcesBuildPhase section */

/* Begin PBXTargetDependency section */
		877741A219134FD100EAA739 /* PBXTargetDependency */ = {
			isa = PBXTargetDependency;
			target = 8777418019134FD100EAA739 /* SHA1crypto */;
			targetProxy = 877741A119134FD100EAA739 /* PBXContainerItemProxy */;
		};
/* End PBXTargetDependency section */

/* Begin PBXVariantGroup section */
		8777418D19134FD100EAA739 /* InfoPlist.strings */ = {
			isa = PBXVariantGroup;
			children = (
				8777418E19134FD100EAA739 /* en */,
			);
			name = InfoPlist.strings;
			sourceTree = "<group>";
		};
		877741A619134FD100EAA739 /* InfoPlist.strings */ = {
			isa = PBXVariantGroup;
			children = (
				877741A719134FD100EAA739 /* en */,
			);
			name = InfoPlist.strings;
			sourceTree = "<group>";
		};
/* End PBXVariantGroup section */

/* Begin XCBuildConfiguration section */
		877741AB19134FD100EAA739 /* Debug */ = {
			isa = XCBuildConfiguration;
			buildSettings = {
				ALWAYS_SEARCH_USER_PATHS = NO;
				CLANG_CXX_LANGUAGE_STANDARD = "gnu++0x";
				CLANG_CXX_LIBRARY = "libc++";
				CLANG_ENABLE_MODULES = YES;
				CLANG_ENABLE_OBJC_ARC = YES;
				CLANG_WARN_BOOL_CONVERSION = YES;
				CLANG_WARN_CONSTANT_CONVERSION = YES;
				CLANG_WARN_DIRECT_OBJC_ISA_USAGE = YES_ERROR;
				CLANG_WARN_EMPTY_BODY = YES;
				CLANG_WARN_ENUM_CONVERSION = YES;
				CLANG_WARN_INT_CONVERSION = YES;
				CLANG_WARN_OBJC_ROOT_CLASS = YES_ERROR;
				CLANG_WARN__DUPLICATE_METHOD_MATCH = YES;
				"CODE_SIGN_IDENTITY[sdk=iphoneos*]" = "iPhone Developer";
				COPY_PHASE_STRIP = NO;
				GCC_C_LANGUAGE_STANDARD = gnu99;
				GCC_DYNAMIC_NO_PIC = NO;
				GCC_OPTIMIZATION_LEVEL = 0;
				GCC_PREPROCESSOR_DEFINITIONS = (
					"DEBUG=1",
					"$(inherited)",
				);
				GCC_SYMBOLS_PRIVATE_EXTERN = NO;
				GCC_WARN_64_TO_32_BIT_CONVERSION = YES;
				GCC_WARN_ABOUT_RETURN_TYPE = YES_ERROR;
				GCC_WARN_UNDECLARED_SELECTOR = YES;
				GCC_WARN_UNINITIALIZED_AUTOS = YES_AGGRESSIVE;
				GCC_WARN_UNUSED_FUNCTION = YES;
				GCC_WARN_UNUSED_VARIABLE = YES;
				IPHONEOS_DEPLOYMENT_TARGET = 7.1;
				ONLY_ACTIVE_ARCH = YES;
				SDKROOT = iphoneos;
			};
			name = Debug;
		};
		877741AC19134FD100EAA739 /* Release */ = {
			isa = XCBuildConfiguration;
			buildSettings = {
				ALWAYS_SEARCH_USER_PATHS = NO;
				CLANG_CXX_LANGUAGE_STANDARD = "gnu++0x";
				CLANG_CXX_LIBRARY = "libc++";
				CLANG_ENABLE_MODULES = YES;
				CLANG_ENABLE_OBJC_ARC = YES;
				CLANG_WARN_BOOL_CONVERSION = YES;
				CLANG_WARN_CONSTANT_CONVERSION = YES;
				CLANG_WARN_DIRECT_OBJC_ISA_USAGE = YES_ERROR;
				CLANG_WARN_EMPTY_BODY = YES;
				CLANG_WARN_ENUM_CONVERSION = YES;
				CLANG_WARN_INT_CONVERSION = YES;
				CLANG_WARN_OBJC_ROOT_CLASS = YES_ERROR;
				CLANG_WARN__DUPLICATE_METHOD_MATCH = YES;
				"CODE_SIGN_IDENTITY[sdk=iphoneos*]" = "iPhone Developer";
				COPY_PHASE_STRIP = YES;
				ENABLE_NS_ASSERTIONS = NO;
				GCC_C_LANGUAGE_STANDARD = gnu99;
				GCC_WARN_64_TO_32_BIT_CONVERSION = YES;
				GCC_WARN_ABOUT_RETURN_TYPE = YES_ERROR;
				GCC_WARN_UNDECLARED_SELECTOR = YES;
				GCC_WARN_UNINITIALIZED_AUTOS = YES_AGGRESSIVE;
				GCC_WARN_UNUSED_FUNCTION = YES;
				GCC_WARN_UNUSED_VARIABLE = YES;
				IPHONEOS_DEPLOYMENT_TARGET = 7.1;
				SDKROOT = iphoneos;
				VALIDATE_PRODUCT = YES;
			};
			name = Release;
		};
		877741AE19134FD100EAA739 /* Debug */ = {
			isa = XCBuildConfiguration;
			buildSettings = {
				ASSETCATALOG_COMPILER_APPICON_NAME = AppIcon;
				ASSETCATALOG_COMPILER_LAUNCHIMAGE_NAME = LaunchImage;
				GCC_PRECOMPILE_PREFIX_HEADER = YES;
				GCC_PREFIX_HEADER = "SHA1crypto/SHA1crypto-Prefix.pch";
				INFOPLIST_FILE = "SHA1crypto/SHA1crypto-Info.plist";
				PRODUCT_NAME = "$(TARGET_NAME)";
				WRAPPER_EXTENSION = app;
			};
			name = Debug;
		};
		877741AF19134FD100EAA739 /* Release */ = {
			isa = XCBuildConfiguration;
			buildSettings = {
				ASSETCATALOG_COMPILER_APPICON_NAME = AppIcon;
				ASSETCATALOG_COMPILER_LAUNCHIMAGE_NAME = LaunchImage;
				GCC_PRECOMPILE_PREFIX_HEADER = YES;
				GCC_PREFIX_HEADER = "SHA1crypto/SHA1crypto-Prefix.pch";
				INFOPLIST_FILE = "SHA1crypto/SHA1crypto-Info.plist";
				PRODUCT_NAME = "$(TARGET_NAME)";
				WRAPPER_EXTENSION = app;
			};
			name = Release;
		};
		877741B119134FD100EAA739 /* Debug */ = {
			isa = XCBuildConfiguration;
			buildSettings = {
				BUNDLE_LOADER = "$(BUILT_PRODUCTS_DIR)/SHA1crypto.app/SHA1crypto";
				FRAMEWORK_SEARCH_PATHS = (
					"$(SDKROOT)/Developer/Library/Frameworks",
					"$(inherited)",
					"$(DEVELOPER_FRAMEWORKS_DIR)",
				);
				GCC_PRECOMPILE_PREFIX_HEADER = YES;
				GCC_PREFIX_HEADER = "SHA1crypto/SHA1crypto-Prefix.pch";
				GCC_PREPROCESSOR_DEFINITIONS = (
					"DEBUG=1",
					"$(inherited)",
				);
				INFOPLIST_FILE = "SHA1cryptoTests/SHA1cryptoTests-Info.plist";
				PRODUCT_NAME = "$(TARGET_NAME)";
				TEST_HOST = "$(BUNDLE_LOADER)";
				WRAPPER_EXTENSION = xctest;
			};
			name = Debug;
		};
		877741B219134FD100EAA739 /* Release */ = {
			isa = XCBuildConfiguration;
			buildSettings = {
				BUNDLE_LOADER = "$(BUILT_PRODUCTS_DIR)/SHA1crypto.app/SHA1crypto";
				FRAMEWORK_SEARCH_PATHS = (
					"$(SDKROOT)/Developer/Library/Frameworks",
					"$(inherited)",
					"$(DEVELOPER_FRAMEWORKS_DIR)",
				);
				GCC_PRECOMPILE_PREFIX_HEADER = YES;
				GCC_PREFIX_HEADER = "SHA1crypto/SHA1crypto-Prefix.pch";
				INFOPLIST_FILE = "SHA1cryptoTests/SHA1cryptoTests-Info.plist";
				PRODUCT_NAME = "$(TARGET_NAME)";
				TEST_HOST = "$(BUNDLE_LOADER)";
				WRAPPER_EXTENSION = xctest;
			};
			name = Release;
		};
/* End XCBuildConfiguration section */

/* Begin XCConfigurationList section */
		8777417C19134FD100EAA739 /* Build configuration list for PBXProject "SHA1crypto" */ = {
			isa = XCConfigurationList;
			buildConfigurations = (
				877741AB19134FD100EAA739 /* Debug */,
				877741AC19134FD100EAA739 /* Release */,
			);
			defaultConfigurationIsVisible = 0;
			defaultConfigurationName = Release;
		};
		877741AD19134FD100EAA739 /* Build configuration list for PBXNativeTarget "SHA1crypto" */ = {
			isa = XCConfigurationList;
			buildConfigurations = (
				877741AE19134FD100EAA739 /* Debug */,
				877741AF19134FD100EAA739 /* Release */,
			);
			defaultConfigurationIsVisible = 0;
		};
		877741B019134FD100EAA739 /* Build configuration list for PBXNativeTarget "SHA1cryptoTests" */ = {
			isa = XCConfigurationList;
			buildConfigurations = (
				877741B119134FD100EAA739 /* Debug */,
				877741B219134FD100EAA739 /* Release */,
			);
			defaultConfigurationIsVisible = 0;
		};
/* End XCConfigurationList section */
	};
	rootObject = 8777417919134FD100EAA739 /* Project object */;
}
